// !$*UTF8*$!
{
	archiveVersion = 1;
	classes = {
	};
	objectVersion = 50;
	objects = {

/* Begin PBXBuildFile section */
		1C5DEA92237358F100BE7CEA /* AppDelegate.swift in Sources */ = {isa = PBXBuildFile; fileRef = 1C5DEA91237358F100BE7CEA /* AppDelegate.swift */; };
		1C5DEA94237358F100BE7CEA /* SceneDelegate.swift in Sources */ = {isa = PBXBuildFile; fileRef = 1C5DEA93237358F100BE7CEA /* SceneDelegate.swift */; };
		1C5DEA96237358F100BE7CEA /* ViewController.swift in Sources */ = {isa = PBXBuildFile; fileRef = 1C5DEA95237358F100BE7CEA /* ViewController.swift */; };
		1C5DEA99237358F100BE7CEA /* Main.storyboard in Resources */ = {isa = PBXBuildFile; fileRef = 1C5DEA97237358F100BE7CEA /* Main.storyboard */; };
		1C5DEA9B237358F200BE7CEA /* Assets.xcassets in Resources */ = {isa = PBXBuildFile; fileRef = 1C5DEA9A237358F200BE7CEA /* Assets.xcassets */; };
		1C5DEA9E237358F200BE7CEA /* LaunchScreen.storyboard in Resources */ = {isa = PBXBuildFile; fileRef = 1C5DEA9C237358F200BE7CEA /* LaunchScreen.storyboard */; };
		1C5DEAA623735B5900BE7CEA /* CarImageCell.swift in Sources */ = {isa = PBXBuildFile; fileRef = 1C5DEAA523735B5900BE7CEA /* CarImageCell.swift */; };
/* End PBXBuildFile section */

/* Begin PBXFileReference section */
		1C5DEA8E237358F100BE7CEA /* carCollection.app */ = {isa = PBXFileReference; explicitFileType = wrapper.application; includeInIndex = 0; path = carCollection.app; sourceTree = BUILT_PRODUCTS_DIR; };
		1C5DEA91237358F100BE7CEA /* AppDelegate.swift */ = {isa = PBXFileReference; lastKnownFileType = sourcecode.swift; path = AppDelegate.swift; sourceTree = "<group>"; };
		1C5DEA93237358F100BE7CEA /* SceneDelegate.swift */ = {isa = PBXFileReference; lastKnownFileType = sourcecode.swift; path = SceneDelegate.swift; sourceTree = "<group>"; };
		1C5DEA95237358F100BE7CEA /* ViewController.swift */ = {isa = PBXFileReference; lastKnownFileType = sourcecode.swift; path = ViewController.swift; sourceTree = "<group>"; };
		1C5DEA98237358F100BE7CEA /* Base */ = {isa = PBXFileReference; lastKnownFileType = file.storyboard; name = Base; path = Base.lproj/Main.storyboard; sourceTree = "<group>"; };
		1C5DEA9A237358F200BE7CEA /* Assets.xcassets */ = {isa = PBXFileReference; lastKnownFileType = folder.assetcatalog; path = Assets.xcassets; sourceTree = "<group>"; };
		1C5DEA9D237358F200BE7CEA /* Base */ = {isa = PBXFileReference; lastKnownFileType = file.storyboard; name = Base; path = Base.lproj/LaunchScreen.storyboard; sourceTree = "<group>"; };
		1C5DEA9F237358F200BE7CEA /* Info.plist */ = {isa = PBXFileReference; lastKnownFileType = text.plist.xml; path = Info.plist; sourceTree = "<group>"; };
		1C5DEAA523735B5900BE7CEA /* CarImageCell.swift */ = {isa = PBXFileReference; lastKnownFileType = sourcecode.swift; path = CarImageCell.swift; sourceTree = "<group>"; };
/* End PBXFileReference section */

/* Begin PBXFrameworksBuildPhase section */
		1C5DEA8B237358F100BE7CEA /* Frameworks */ = {
			isa = PBXFrameworksBuildPhase;
			buildActionMask = 2147483647;
			files = (
			);
			runOnlyForDeploymentPostprocessing = 0;
		};
/* End PBXFrameworksBuildPhase section */

/* Begin PBXGroup section */
		1C5DEA85237358F100BE7CEA = {
			isa = PBXGroup;
			children = (
				1C5DEA90237358F100BE7CEA /* carCollection */,
				1C5DEA8F237358F100BE7CEA /* Products */,
			);
			sourceTree = "<group>";
		};
		1C5DEA8F237358F100BE7CEA /* Products */ = {
			isa = PBXGroup;
			children = (
				1C5DEA8E237358F100BE7CEA /* carCollection.app */,
			);
			name = Products;
			sourceTree = "<group>";
		};
		1C5DEA90237358F100BE7CEA /* carCollection */ = {
			isa = PBXGroup;
			children = (
				1C5DEA91237358F100BE7CEA /* AppDelegate.swift */,
				1C5DEA93237358F100BE7CEA /* SceneDelegate.swift */,
				1C5DEA95237358F100BE7CEA /* ViewController.swift */,
				1C5DEAA523735B5900BE7CEA /* CarImageCell.swift */,
				1C5DEA97237358F100BE7CEA /* Main.storyboard */,
				1C5DEA9A237358F200BE7CEA /* Assets.xcassets */,
				1C5DEA9C237358F200BE7CEA /* LaunchScreen.storyboard */,
				1C5DEA9F237358F200BE7CEA /* Info.plist */,
			);
			path = carCollection;
			sourceTree = "<group>";
		};
/* End PBXGroup section */

/* Begin PBXNativeTarget section */
		1C5DEA8D237358F100BE7CEA /* carCollection */ = {
			isa = PBXNativeTarget;
			buildConfigurationList = 1C5DEAA2237358F200BE7CEA /* Build configuration list for PBXNativeTarget "carCollection" */;
			buildPhases = (
				1C5DEA8A237358F100BE7CEA /* Sources */,
				1C5DEA8B237358F100BE7CEA /* Frameworks */,
				1C5DEA8C237358F100BE7CEA /* Resources */,
			);
			buildRules = (
			);
			dependencies = (
			);
			name = carCollection;
			productName = carCollection;
			productReference = 1C5DEA8E237358F100BE7CEA /* carCollection.app */;
			productType = "com.apple.product-type.application";
		};
/* End PBXNativeTarget section */

/* Begin PBXProject section */
		1C5DEA86237358F100BE7CEA /* Project object */ = {
			isa = PBXProject;
			attributes = {
				LastSwiftUpdateCheck = 1120;
				LastUpgradeCheck = 1120;
				ORGANIZATIONNAME = mohammadkiani;
				TargetAttributes = {
					1C5DEA8D237358F100BE7CEA = {
						CreatedOnToolsVersion = 11.2;
					};
				};
			};
			buildConfigurationList = 1C5DEA89237358F100BE7CEA /* Build configuration list for PBXProject "carCollection" */;
			compatibilityVersion = "Xcode 9.3";
			developmentRegion = en;
			hasScannedForEncodings = 0;
			knownRegions = (
				en,
				Base,
			);
			mainGroup = 1C5DEA85237358F100BE7CEA;
			productRefGroup = 1C5DEA8F237358F100BE7CEA /* Products */;
			projectDirPath = "";
			projectRoot = "";
			targets = (
				1C5DEA8D237358F100BE7CEA /* carCollection */,
			);
		};
/* End PBXProject section */

/* Begin PBXResourcesBuildPhase section */
		1C5DEA8C237358F100BE7CEA /* Resources */ = {
			isa = PBXResourcesBuildPhase;
			buildActionMask = 2147483647;
			files = (
				1C5DEA9E237358F200BE7CEA /* LaunchScreen.storyboard in Resources */,
				1C5DEA9B237358F200BE7CEA /* Assets.xcassets in Resources */,
				1C5DEA99237358F100BE7CEA /* Main.storyboard in Resources */,
			);
			runOnlyForDeploymentPostprocessing = 0;
		};
/* End PBXResourcesBuildPhase section */

/* Begin PBXSourcesBuildPhase section */
		1C5DEA8A237358F100BE7CEA /* Sources */ = {
			isa = PBXSourcesBuildPhase;
			buildActionMask = 2147483647;
			files = (
				1C5DEA96237358F100BE7CEA /* ViewController.swift in Sources */,
				1C5DEA92237358F100BE7CEA /* AppDelegate.swift in Sources */,
				1C5DEAA623735B5900BE7CEA /* CarImageCell.swift in Sources */,
				1C5DEA94237358F100BE7CEA /* SceneDelegate.swift in Sources */,
			);
			runOnlyForDeploymentPostprocessing = 0;
		};
/* End PBXSourcesBuildPhase section */

/* Begin PBXVariantGroup section */
		1C5DEA97237358F100BE7CEA /* Main.storyboard */ = {
			isa = PBXVariantGroup;
			children = (
				1C5DEA98237358F100BE7CEA /* Base */,
			);
			name = Main.storyboard;
			sourceTree = "<group>";
		};
		1C5DEA9C237358F200BE7CEA /* LaunchScreen.storyboard */ = {
			isa = PBXVariantGroup;
			children = (
				1C5DEA9D237358F200BE7CEA /* Base */,
			);
			name = LaunchScreen.storyboard;
			sourceTree = "<group>";
		};
/* End PBXVariantGroup section */

/* Begin XCBuildConfiguration section */
		1C5DEAA0237358F200BE7CEA /* Debug */ = {
			isa = XCBuildConfiguration;
			buildSettings = {
				ALWAYS_SEARCH_USER_PATHS = NO;
				CLANG_ANALYZER_NONNULL = YES;
				CLANG_ANALYZER_NUMBER_OBJECT_CONVERSION = YES_AGGRESSIVE;
				CLANG_CXX_LANGUAGE_STANDARD = "gnu++14";
				CLANG_CXX_LIBRARY = "libc++";
				CLANG_ENABLE_MODULES = YES;
				CLANG_ENABLE_OBJC_ARC = YES;
				CLANG_ENABLE_OBJC_WEAK = YES;
				CLANG_WARN_BLOCK_CAPTURE_AUTORELEASING = YES;
				CLANG_WARN_BOOL_CONVERSION = YES;
				CLANG_WARN_COMMA = YES;
				CLANG_WARN_CONSTANT_CONVERSION = YES;
				CLANG_WARN_DEPRECATED_OBJC_IMPLEMENTATIONS = YES;
				CLANG_WARN_DIRECT_OBJC_ISA_USAGE = YES_ERROR;
				CLANG_WARN_DOCUMENTATION_COMMENTS = YES;
				CLANG_WARN_EMPTY_BODY = YES;
				CLANG_WARN_ENUM_CONVERSION = YES;
				CLANG_WARN_INFINITE_RECURSION = YES;
				CLANG_WARN_INT_CONVERSION = YES;
				CLANG_WARN_NON_LITERAL_NULL_CONVERSION = YES;
				CLANG_WARN_OBJC_IMPLICIT_RETAIN_SELF = YES;
				CLANG_WARN_OBJC_LITERAL_CONVERSION = YES;
				CLANG_WARN_OBJC_ROOT_CLASS = YES_ERROR;
				CLANG_WARN_RANGE_LOOP_ANALYSIS = YES;
				CLANG_WARN_STRICT_PROTOTYPES = YES;
				CLANG_WARN_SUSPICIOUS_MOVE = YES;
				CLANG_WARN_UNGUARDED_AVAILABILITY = YES_AGGRESSIVE;
				CLANG_WARN_UNREACHABLE_CODE = YES;
				CLANG_WARN__DUPLICATE_METHOD_MATCH = YES;
				COPY_PHASE_STRIP = NO;
				DEBUG_INFORMATION_FORMAT = dwarf;
				ENABLE_STRICT_OBJC_MSGSEND = YES;
				ENABLE_TESTABILITY = YES;
				GCC_C_LANGUAGE_STANDARD = gnu11;
				GCC_DYNAMIC_NO_PIC = NO;
				GCC_NO_COMMON_BLOCKS = YES;
				GCC_OPTIMIZATION_LEVEL = 0;
				GCC_PREPROCESSOR_DEFINITIONS = (
					"DEBUG=1",
					"$(inherited)",
				);
				GCC_WARN_64_TO_32_BIT_CONVERSION = YES;
				GCC_WARN_ABOUT_RETURN_TYPE = YES_ERROR;
				GCC_WARN_UNDECLARED_SELECTOR = YES;
				GCC_WARN_UNINITIALIZED_AUTOS = YES_AGGRESSIVE;
				GCC_WARN_UNUSED_FUNCTION = YES;
				GCC_WARN_UNUSED_VARIABLE = YES;
				IPHONEOS_DEPLOYMENT_TARGET = 13.2;
				MTL_ENABLE_DEBUG_INFO = INCLUDE_SOURCE;
				MTL_FAST_MATH = YES;
				ONLY_ACTIVE_ARCH = YES;
				SDKROOT = iphoneos;
				SWIFT_ACTIVE_COMPILATION_CONDITIONS = DEBUG;
				SWIFT_OPTIMIZATION_LEVEL = "-Onone";
			};
			name = Debug;
		};
		1C5DEAA1237358F200BE7CEA /* Release */ = {
			isa = XCBuildConfiguration;
			buildSettings = {
				ALWAYS_SEARCH_USER_PATHS = NO;
				CLANG_ANALYZER_NONNULL = YES;
				CLANG_ANALYZER_NUMBER_OBJECT_CONVERSION = YES_AGGRESSIVE;
				CLANG_CXX_LANGUAGE_STANDARD = "gnu++14";
				CLANG_CXX_LIBRARY = "libc++";
				CLANG_ENABLE_MODULES = YES;
				CLANG_ENABLE_OBJC_ARC = YES;
				CLANG_ENABLE_OBJC_WEAK = YES;
				CLANG_WARN_BLOCK_CAPTURE_AUTORELEASING = YES;
				CLANG_WARN_BOOL_CONVERSION = YES;
				CLANG_WARN_COMMA = YES;
				CLANG_WARN_CONSTANT_CONVERSION = YES;
				CLANG_WARN_DEPRECATED_OBJC_IMPLEMENTATIONS = YES;
				CLANG_WARN_DIRECT_OBJC_ISA_USAGE = YES_ERROR;
				CLANG_WARN_DOCUMENTATION_COMMENTS = YES;
				CLANG_WARN_EMPTY_BODY = YES;
				CLANG_WARN_ENUM_CONVERSION = YES;
				CLANG_WARN_INFINITE_RECURSION = YES;
				CLANG_WARN_INT_CONVERSION = YES;
				CLANG_WARN_NON_LITERAL_NULL_CONVERSION = YES;
				CLANG_WARN_OBJC_IMPLICIT_RETAIN_SELF = YES;
				CLANG_WARN_OBJC_LITERAL_CONVERSION = YES;
				CLANG_WARN_OBJC_ROOT_CLASS = YES_ERROR;
				CLANG_WARN_RANGE_LOOP_ANALYSIS = YES;
				CLANG_WARN_STRICT_PROTOTYPES = YES;
				CLANG_WARN_SUSPICIOUS_MOVE = YES;
				CLANG_WARN_UNGUARDED_AVAILABILITY = YES_AGGRESSIVE;
				CLANG_WARN_UNREACHABLE_CODE = YES;
				CLANG_WARN__DUPLICATE_METHOD_MATCH = YES;
				COPY_PHASE_STRIP = NO;
				DEBUG_INFORMATION_FORMAT = "dwarf-with-dsym";
				ENABLE_NS_ASSERTIONS = NO;
				ENABLE_STRICT_OBJC_MSGSEND = YES;
				GCC_C_LANGUAGE_STANDARD = gnu11;
				GCC_NO_COMMON_BLOCKS = YES;
				GCC_WARN_64_TO_32_BIT_CONVERSION = YES;
				GCC_WARN_ABOUT_RETURN_TYPE = YES_ERROR;
				GCC_WARN_UNDECLARED_SELECTOR = YES;
				GCC_WARN_UNINITIALIZED_AUTOS = YES_AGGRESSIVE;
				GCC_WARN_UNUSED_FUNCTION = YES;
				GCC_WARN_UNUSED_VARIABLE = YES;
				IPHONEOS_DEPLOYMENT_TARGET = 13.2;
				MTL_ENABLE_DEBUG_INFO = NO;
				MTL_FAST_MATH = YES;
				SDKROOT = iphoneos;
				SWIFT_COMPILATION_MODE = wholemodule;
				SWIFT_OPTIMIZATION_LEVEL = "-O";
				VALIDATE_PRODUCT = YES;
			};
			name = Release;
		};
		1C5DEAA3237358F200BE7CEA /* Debug */ = {
			isa = XCBuildConfiguration;
			buildSettings = {
				ASSETCATALOG_COMPILER_APPICON_NAME = AppIcon;
				CODE_SIGN_STYLE = Automatic;
				DEVELOPMENT_TEAM = 439A5LJCX9;
				INFOPLIST_FILE = carCollection/Info.plist;
				LD_RUNPATH_SEARCH_PATHS = (
					"$(inherited)",
					"@executable_path/Frameworks",
				);
				PRODUCT_BUNDLE_IDENTIFIER = com.mohammadkiani.carCollection;
				PRODUCT_NAME = "$(TARGET_NAME)";
				SWIFT_VERSION = 5.0;
				TARGETED_DEVICE_FAMILY = "1,2";
			};
			name = Debug;
		};
		1C5DEAA4237358F200BE7CEA /* Release */ = {
			isa = XCBuildConfiguration;
			buildSettings = {
				ASSETCATALOG_COMPILER_APPICON_NAME = AppIcon;
				CODE_SIGN_STYLE = Automatic;
				DEVELOPMENT_TEAM = 439A5LJCX9;
				INFOPLIST_FILE = carCollection/Info.plist;
				LD_RUNPATH_SEARCH_PATHS = (
					"$(inherited)",
					"@executable_path/Frameworks",
				);
				PRODUCT_BUNDLE_IDENTIFIER = com.mohammadkiani.carCollection;
				PRODUCT_NAME = "$(TARGET_NAME)";
				SWIFT_VERSION = 5.0;
				TARGETED_DEVICE_FAMILY = "1,2";
			};
			name = Release;
		};
/* End XCBuildConfiguration section */

/* Begin XCConfigurationList section */
		1C5DEA89237358F100BE7CEA /* Build configuration list for PBXProject "carCollection" */ = {
			isa = XCConfigurationList;
			buildConfigurations = (
				1C5DEAA0237358F200BE7CEA /* Debug */,
				1C5DEAA1237358F200BE7CEA /* Release */,
			);
			defaultConfigurationIsVisible = 0;
			defaultConfigurationName = Release;
		};
		1C5DEAA2237358F200BE7CEA /* Build configuration list for PBXNativeTarget "carCollection" */ = {
			isa = XCConfigurationList;
			buildConfigurations = (
				1C5DEAA3237358F200BE7CEA /* Debug */,
				1C5DEAA4237358F200BE7CEA /* Release */,
			);
			defaultConfigurationIsVisible = 0;
			defaultConfigurationName = Release;
		};
/* End XCConfigurationList section */
	};
	rootObject = 1C5DEA86237358F100BE7CEA /* Project object */;
}
